// !$*UTF8*$!
{
	archiveVersion = 1;
	classes = {
	};
	objectVersion = 46;
	objects = {

/* Begin PBXBuildFile section */
		4ADE794D1D02B5D100EE656B /* AppDelegate.swift in Sources */ = {isa = PBXBuildFile; fileRef = 4ADE794C1D02B5D100EE656B /* AppDelegate.swift */; };
		4ADE794F1D02B5D200EE656B /* ViewController.swift in Sources */ = {isa = PBXBuildFile; fileRef = 4ADE794E1D02B5D200EE656B /* ViewController.swift */; };
		4ADE79521D02B5D200EE656B /* Main.storyboard in Resources */ = {isa = PBXBuildFile; fileRef = 4ADE79501D02B5D200EE656B /* Main.storyboard */; };
		4ADE79541D02B5D200EE656B /* Assets.xcassets in Resources */ = {isa = PBXBuildFile; fileRef = 4ADE79531D02B5D200EE656B /* Assets.xcassets */; };
		4ADE79571D02B5D200EE656B /* LaunchScreen.storyboard in Resources */ = {isa = PBXBuildFile; fileRef = 4ADE79551D02B5D200EE656B /* LaunchScreen.storyboard */; };
/* End PBXBuildFile section */

/* Begin PBXFileReference section */
		4ADE79491D02B5D100EE656B /* RedVsBlue.app */ = {isa = PBXFileReference; explicitFileType = wrapper.application; includeInIndex = 0; path = RedVsBlue.app; sourceTree = BUILT_PRODUCTS_DIR; };
		4ADE794C1D02B5D100EE656B /* AppDelegate.swift */ = {isa = PBXFileReference; lastKnownFileType = sourcecode.swift; path = AppDelegate.swift; sourceTree = "<group>"; };
		4ADE794E1D02B5D200EE656B /* ViewController.swift */ = {isa = PBXFileReference; lastKnownFileType = sourcecode.swift; path = ViewController.swift; sourceTree = "<group>"; };
		4ADE79511D02B5D200EE656B /* Base */ = {isa = PBXFileReference; lastKnownFileType = file.storyboard; name = Base; path = Base.lproj/Main.storyboard; sourceTree = "<group>"; };
		4ADE79531D02B5D200EE656B /* Assets.xcassets */ = {isa = PBXFileReference; lastKnownFileType = folder.assetcatalog; path = Assets.xcassets; sourceTree = "<group>"; };
		4ADE79561D02B5D200EE656B /* Base */ = {isa = PBXFileReference; lastKnownFileType = file.storyboard; name = Base; path = Base.lproj/LaunchScreen.storyboard; sourceTree = "<group>"; };
		4ADE79581D02B5D200EE656B /* Info.plist */ = {isa = PBXFileReference; lastKnownFileType = text.plist.xml; path = Info.plist; sourceTree = "<group>"; };
/* End PBXFileReference section */

/* Begin PBXFrameworksBuildPhase section */
		4ADE79461D02B5D100EE656B /* Frameworks */ = {
			isa = PBXFrameworksBuildPhase;
			buildActionMask = 2147483647;
			files = (
			);
			runOnlyForDeploymentPostprocessing = 0;
		};
/* End PBXFrameworksBuildPhase section */

/* Begin PBXGroup section */
		4ADE79401D02B5D100EE656B = {
			isa = PBXGroup;
			children = (
				4ADE794B1D02B5D100EE656B /* RedVsBlue */,
				4ADE794A1D02B5D100EE656B /* Products */,
			);
			sourceTree = "<group>";
		};
		4ADE794A1D02B5D100EE656B /* Products */ = {
			isa = PBXGroup;
			children = (
				4ADE79491D02B5D100EE656B /* RedVsBlue.app */,
			);
			name = Products;
			sourceTree = "<group>";
		};
		4ADE794B1D02B5D100EE656B /* RedVsBlue */ = {
			isa = PBXGroup;
			children = (
				4ADE794C1D02B5D100EE656B /* AppDelegate.swift */,
				4ADE794E1D02B5D200EE656B /* ViewController.swift */,
				4ADE79501D02B5D200EE656B /* Main.storyboard */,
				4ADE79531D02B5D200EE656B /* Assets.xcassets */,
				4ADE79551D02B5D200EE656B /* LaunchScreen.storyboard */,
				4ADE79581D02B5D200EE656B /* Info.plist */,
			);
			path = RedVsBlue;
			sourceTree = "<group>";
		};
/* End PBXGroup section */

/* Begin PBXNativeTarget section */
		4ADE79481D02B5D100EE656B /* RedVsBlue */ = {
			isa = PBXNativeTarget;
			buildConfigurationList = 4ADE795B1D02B5D200EE656B /* Build configuration list for PBXNativeTarget "RedVsBlue" */;
			buildPhases = (
				4ADE79451D02B5D100EE656B /* Sources */,
				4ADE79461D02B5D100EE656B /* Frameworks */,
				4ADE79471D02B5D100EE656B /* Resources */,
			);
			buildRules = (
			);
			dependencies = (
			);
			name = RedVsBlue;
			productName = RedVsBlue;
			productReference = 4ADE79491D02B5D100EE656B /* RedVsBlue.app */;
			productType = "com.apple.product-type.application";
		};
/* End PBXNativeTarget section */

/* Begin PBXProject section */
		4ADE79411D02B5D100EE656B /* Project object */ = {
			isa = PBXProject;
			attributes = {
				LastSwiftUpdateCheck = 0730;
				LastUpgradeCheck = 0730;
				ORGANIZATIONNAME = "Incipire, Inc.";
				TargetAttributes = {
					4ADE79481D02B5D100EE656B = {
						CreatedOnToolsVersion = 7.3.1;
						DevelopmentTeam = 85U2E27BEH;
					};
				};
			};
			buildConfigurationList = 4ADE79441D02B5D100EE656B /* Build configuration list for PBXProject "RedVsBlue" */;
			compatibilityVersion = "Xcode 3.2";
			developmentRegion = English;
			hasScannedForEncodings = 0;
			knownRegions = (
				en,
				Base,
			);
			mainGroup = 4ADE79401D02B5D100EE656B;
			productRefGroup = 4ADE794A1D02B5D100EE656B /* Products */;
			projectDirPath = "";
			projectRoot = "";
			targets = (
				4ADE79481D02B5D100EE656B /* RedVsBlue */,
			);
		};
/* End PBXProject section */

/* Begin PBXResourcesBuildPhase section */
		4ADE79471D02B5D100EE656B /* Resources */ = {
			isa = PBXResourcesBuildPhase;
			buildActionMask = 2147483647;
			files = (
				4ADE79571D02B5D200EE656B /* LaunchScreen.storyboard in Resources */,
				4ADE79541D02B5D200EE656B /* Assets.xcassets in Resources */,
				4ADE79521D02B5D200EE656B /* Main.storyboard in Resources */,
			);
			runOnlyForDeploymentPostprocessing = 0;
		};
/* End PBXResourcesBuildPhase section */

/* Begin PBXSourcesBuildPhase section */
		4ADE79451D02B5D100EE656B /* Sources */ = {
			isa = PBXSourcesBuildPhase;
			buildActionMask = 2147483647;
			files = (
				4ADE794F1D02B5D200EE656B /* ViewController.swift in Sources */,
				4ADE794D1D02B5D100EE656B /* AppDelegate.swift in Sources */,
			);
			runOnlyForDeploymentPostprocessing = 0;
		};
/* End PBXSourcesBuildPhase section */

/* Begin PBXVariantGroup section */
		4ADE79501D02B5D200EE656B /* Main.storyboard */ = {
			isa = PBXVariantGroup;
			children = (
				4ADE79511D02B5D200EE656B /* Base */,
			);
			name = Main.storyboard;
			sourceTree = "<group>";
		};
		4ADE79551D02B5D200EE656B /* LaunchScreen.storyboard */ = {
			isa = PBXVariantGroup;
			children = (
				4ADE79561D02B5D200EE656B /* Base */,
			);
			name = LaunchScreen.storyboard;
			sourceTree = "<group>";
		};
/* End PBXVariantGroup section */

/* Begin XCBuildConfiguration section */
		4ADE79591D02B5D200EE656B /* Debug */ = {
			isa = XCBuildConfiguration;
			buildSettings = {
				ALWAYS_SEARCH_USER_PATHS = NO;
				CLANG_ANALYZER_NONNULL = YES;
				CLANG_CXX_LANGUAGE_STANDARD = "gnu++0x";
				CLANG_CXX_LIBRARY = "libc++";
				CLANG_ENABLE_MODULES = YES;
				CLANG_ENABLE_OBJC_ARC = YES;
				CLANG_WARN_BOOL_CONVERSION = YES;
				CLANG_WARN_CONSTANT_CONVERSION = YES;
				CLANG_WARN_DIRECT_OBJC_ISA_USAGE = YES_ERROR;
				CLANG_WARN_EMPTY_BODY = YES;
				CLANG_WARN_ENUM_CONVERSION = YES;
				CLANG_WARN_INT_CONVERSION = YES;
				CLANG_WARN_OBJC_ROOT_CLASS = YES_ERROR;
				CLANG_WARN_UNREACHABLE_CODE = YES;
				CLANG_WARN__DUPLICATE_METHOD_MATCH = YES;
				"CODE_SIGN_IDENTITY[sdk=iphoneos*]" = "iPhone Developer";
				COPY_PHASE_STRIP = NO;
				DEBUG_INFORMATION_FORMAT = dwarf;
				ENABLE_STRICT_OBJC_MSGSEND = YES;
				ENABLE_TESTABILITY = YES;
				GCC_C_LANGUAGE_STANDARD = gnu99;
				GCC_DYNAMIC_NO_PIC = NO;
				GCC_NO_COMMON_BLOCKS = YES;
				GCC_OPTIMIZATION_LEVEL = 0;
				GCC_PREPROCESSOR_DEFINITIONS = (
					"DEBUG=1",
					"$(inherited)",
				);
				GCC_WARN_64_TO_32_BIT_CONVERSION = YES;
				GCC_WARN_ABOUT_RETURN_TYPE = YES_ERROR;
				GCC_WARN_UNDECLARED_SELECTOR = YES;
				GCC_WARN_UNINITIALIZED_AUTOS = YES_AGGRESSIVE;
				GCC_WARN_UNUSED_FUNCTION = YES;
				GCC_WARN_UNUSED_VARIABLE = YES;
				IPHONEOS_DEPLOYMENT_TARGET = 9.3;
				MTL_ENABLE_DEBUG_INFO = YES;
				ONLY_ACTIVE_ARCH = YES;
				SDKROOT = iphoneos;
				SWIFT_OPTIMIZATION_LEVEL = "-Onone";
			};
			name = Debug;
		};
		4ADE795A1D02B5D200EE656B /* Release */ = {
			isa = XCBuildConfiguration;
			buildSettings = {
				ALWAYS_SEARCH_USER_PATHS = NO;
				CLANG_ANALYZER_NONNULL = YES;
				CLANG_CXX_LANGUAGE_STANDARD = "gnu++0x";
				CLANG_CXX_LIBRARY = "libc++";
				CLANG_ENABLE_MODULES = YES;
				CLANG_ENABLE_OBJC_ARC = YES;
				CLANG_WARN_BOOL_CONVERSION = YES;
				CLANG_WARN_CONSTANT_CONVERSION = YES;
				CLANG_WARN_DIRECT_OBJC_ISA_USAGE = YES_ERROR;
				CLANG_WARN_EMPTY_BODY = YES;
				CLANG_WARN_ENUM_CONVERSION = YES;
				CLANG_WARN_INT_CONVERSION = YES;
				CLANG_WARN_OBJC_ROOT_CLASS = YES_ERROR;
				CLANG_WARN_UNREACHABLE_CODE = YES;
				CLANG_WARN__DUPLICATE_METHOD_MATCH = YES;
				"CODE_SIGN_IDENTITY[sdk=iphoneos*]" = "iPhone Developer";
				COPY_PHASE_STRIP = NO;
				DEBUG_INFORMATION_FORMAT = "dwarf-with-dsym";
				ENABLE_NS_ASSERTIONS = NO;
				ENABLE_STRICT_OBJC_MSGSEND = YES;
				GCC_C_LANGUAGE_STANDARD = gnu99;
				GCC_NO_COMMON_BLOCKS = YES;
				GCC_WARN_64_TO_32_BIT_CONVERSION = YES;
				GCC_WARN_ABOUT_RETURN_TYPE = YES_ERROR;
				GCC_WARN_UNDECLARED_SELECTOR = YES;
				GCC_WARN_UNINITIALIZED_AUTOS = YES_AGGRESSIVE;
				GCC_WARN_UNUSED_FUNCTION = YES;
				GCC_WARN_UNUSED_VARIABLE = YES;
				IPHONEOS_DEPLOYMENT_TARGET = 9.3;
				MTL_ENABLE_DEBUG_INFO = NO;
				SDKROOT = iphoneos;
				VALIDATE_PRODUCT = YES;
			};
			name = Release;
		};
		4ADE795C1D02B5D200EE656B /* Debug */ = {
			isa = XCBuildConfiguration;
			buildSettings = {
				ASSETCATALOG_COMPILER_APPICON_NAME = AppIcon;
				CODE_SIGN_IDENTITY = "iPhone Developer";
				INFOPLIST_FILE = RedVsBlue/Info.plist;
				LD_RUNPATH_SEARCH_PATHS = "$(inherited) @executable_path/Frameworks";
				PRODUCT_BUNDLE_IDENTIFIER = com.incipire.RedVsBlue;
				PRODUCT_NAME = "$(TARGET_NAME)";
			};
			name = Debug;
		};
		4ADE795D1D02B5D200EE656B /* Release */ = {
			isa = XCBuildConfiguration;
			buildSettings = {
				ASSETCATALOG_COMPILER_APPICON_NAME = AppIcon;
				CODE_SIGN_IDENTITY = "iPhone Developer";
				INFOPLIST_FILE = RedVsBlue/Info.plist;
				LD_RUNPATH_SEARCH_PATHS = "$(inherited) @executable_path/Frameworks";
				PRODUCT_BUNDLE_IDENTIFIER = com.incipire.RedVsBlue;
				PRODUCT_NAME = "$(TARGET_NAME)";
			};
			name = Release;
		};
/* End XCBuildConfiguration section */

/* Begin XCConfigurationList section */
		4ADE79441D02B5D100EE656B /* Build configuration list for PBXProject "RedVsBlue" */ = {
			isa = XCConfigurationList;
			buildConfigurations = (
				4ADE79591D02B5D200EE656B /* Debug */,
				4ADE795A1D02B5D200EE656B /* Release */,
			);
			defaultConfigurationIsVisible = 0;
			defaultConfigurationName = Release;
		};
		4ADE795B1D02B5D200EE656B /* Build configuration list for PBXNativeTarget "RedVsBlue" */ = {
			isa = XCConfigurationList;
			buildConfigurations = (
				4ADE795C1D02B5D200EE656B /* Debug */,
				4ADE795D1D02B5D200EE656B /* Release */,
			);
			defaultConfigurationIsVisible = 0;
		};
/* End XCConfigurationList section */
	};
	rootObject = 4ADE79411D02B5D100EE656B /* Project object */;
}
